// !$*UTF8*$!
{
	archiveVersion = 1;
	classes = {
	};
	objectVersion = 46;
	objects = {

/* Begin PBXCopyFilesBuildPhase section */
		5C9B98C01C5AC343001EB75F /* CopyFiles */ = {
			isa = PBXCopyFilesBuildPhase;
			buildActionMask = 2147483647;
			dstPath = /usr/share/man/man1/;
			dstSubfolderSpec = 0;
			files = (
			);
			runOnlyForDeploymentPostprocessing = 1;
		};
/* End PBXCopyFilesBuildPhase section */

/* Begin PBXFileReference section */
		5C1FB5121C657353003C5913 /* LICENSE.txt */ = {isa = PBXFileReference; lastKnownFileType = text; path = LICENSE.txt; sourceTree = "<group>"; };
		5C1FB5131C657353003C5913 /* main.swift */ = {isa = PBXFileReference; lastKnownFileType = sourcecode.swift; path = main.swift; sourceTree = "<group>"; };
		5C1FB5141C657353003C5913 /* README.md */ = {isa = PBXFileReference; lastKnownFileType = net.daringfireball.markdown; path = README.md; sourceTree = "<group>"; };
		5C1FB5151C657353003C5913 /* String+Extended.swift */ = {isa = PBXFileReference; lastKnownFileType = sourcecode.swift; path = "String+Extended.swift"; sourceTree = "<group>"; };
		5C1FB5161C657353003C5913 /* UpdateIPA.swift */ = {isa = PBXFileReference; lastKnownFileType = sourcecode.swift; path = UpdateIPA.swift; sourceTree = "<group>"; };
		5C9B98C21C5AC344001EB75F /* updateIPA */ = {isa = PBXFileReference; explicitFileType = "compiled.mach-o.executable"; includeInIndex = 0; path = updateIPA; sourceTree = BUILT_PRODUCTS_DIR; };
/* End PBXFileReference section */

/* Begin PBXFrameworksBuildPhase section */
		5C9B98BF1C5AC343001EB75F /* Frameworks */ = {
			isa = PBXFrameworksBuildPhase;
			buildActionMask = 2147483647;
			files = (
			);
			runOnlyForDeploymentPostprocessing = 0;
		};
/* End PBXFrameworksBuildPhase section */

/* Begin PBXGroup section */
		5C1FB5111C657353003C5913 /* updateIPA */ = {
			isa = PBXGroup;
			children = (
				5C1FB5121C657353003C5913 /* LICENSE.txt */,
				5C1FB5131C657353003C5913 /* main.swift */,
				5C1FB5141C657353003C5913 /* README.md */,
				5C1FB5151C657353003C5913 /* String+Extended.swift */,
				5C1FB5161C657353003C5913 /* UpdateIPA.swift */,
			);
			path = updateIPA;
			sourceTree = "<group>";
		};
		5C9B98B91C5AC343001EB75F = {
			isa = PBXGroup;
			children = (
				5C9B98C31C5AC344001EB75F /* Products */,
				5C1FB5111C657353003C5913 /* updateIPA */,
			);
			sourceTree = "<group>";
		};
		5C9B98C31C5AC344001EB75F /* Products */ = {
			isa = PBXGroup;
			children = (
				5C9B98C21C5AC344001EB75F /* updateIPA */,
			);
			name = Products;
			sourceTree = "<group>";
		};
/* End PBXGroup section */

/* Begin PBXNativeTarget section */
		5C9B98C11C5AC343001EB75F /* updateIPA */ = {
			isa = PBXNativeTarget;
			buildConfigurationList = 5C9B98C91C5AC344001EB75F /* Build configuration list for PBXNativeTarget "updateIPA" */;
			buildPhases = (
				5C9B98BE1C5AC343001EB75F /* Sources */,
				5C9B98BF1C5AC343001EB75F /* Frameworks */,
				5C9B98C01C5AC343001EB75F /* CopyFiles */,
			);
			buildRules = (
			);
			dependencies = (
			);
			name = updateIPA;
			productName = iosRename;
			productReference = 5C9B98C21C5AC344001EB75F /* updateIPA */;
			productType = "com.apple.product-type.tool";
		};
/* End PBXNativeTarget section */

/* Begin PBXProject section */
		5C9B98BA1C5AC343001EB75F /* Project object */ = {
			isa = PBXProject;
			attributes = {
				LastSwiftUpdateCheck = 0720;
				LastUpgradeCheck = 0720;
				ORGANIZATIONNAME = "Regis Bridon";
				TargetAttributes = {
					5C9B98C11C5AC343001EB75F = {
						CreatedOnToolsVersion = 7.2;
					};
				};
			};
			buildConfigurationList = 5C9B98BD1C5AC343001EB75F /* Build configuration list for PBXProject "updateIPA" */;
			compatibilityVersion = "Xcode 3.2";
			developmentRegion = English;
			hasScannedForEncodings = 0;
			knownRegions = (
				en,
			);
			mainGroup = 5C9B98B91C5AC343001EB75F;
			productRefGroup = 5C9B98C31C5AC344001EB75F /* Products */;
			projectDirPath = "";
			projectRoot = "";
			targets = (
				5C9B98C11C5AC343001EB75F /* updateIPA */,
			);
		};
/* End PBXProject section */

/* Begin PBXSourcesBuildPhase section */
		5C9B98BE1C5AC343001EB75F /* Sources */ = {
			isa = PBXSourcesBuildPhase;
			buildActionMask = 2147483647;
			files = (
			);
			runOnlyForDeploymentPostprocessing = 0;
		};
/* End PBXSourcesBuildPhase section */

/* Begin XCBuildConfiguration section */
		5C9B98C71C5AC344001EB75F /* Debug */ = {
			isa = XCBuildConfiguration;
			buildSettings = {
				ALWAYS_SEARCH_USER_PATHS = NO;
				CLANG_CXX_LANGUAGE_STANDARD = "gnu++0x";
				CLANG_CXX_LIBRARY = "libc++";
				CLANG_ENABLE_MODULES = YES;
				CLANG_ENABLE_OBJC_ARC = YES;
				CLANG_WARN_BOOL_CONVERSION = YES;
				CLANG_WARN_CONSTANT_CONVERSION = YES;
				CLANG_WARN_DIRECT_OBJC_ISA_USAGE = YES_ERROR;
				CLANG_WARN_EMPTY_BODY = YES;
				CLANG_WARN_ENUM_CONVERSION = YES;
				CLANG_WARN_INT_CONVERSION = YES;
				CLANG_WARN_OBJC_ROOT_CLASS = YES_ERROR;
				CLANG_WARN_UNREACHABLE_CODE = YES;
				CLANG_WARN__DUPLICATE_METHOD_MATCH = YES;
				CODE_SIGN_IDENTITY = "-";
				COPY_PHASE_STRIP = NO;
				DEBUG_INFORMATION_FORMAT = dwarf;
				ENABLE_STRICT_OBJC_MSGSEND = YES;
				ENABLE_TESTABILITY = YES;
				GCC_C_LANGUAGE_STANDARD = gnu99;
				GCC_DYNAMIC_NO_PIC = NO;
				GCC_NO_COMMON_BLOCKS = YES;
				GCC_OPTIMIZATION_LEVEL = 0;
				GCC_PREPROCESSOR_DEFINITIONS = (
					"DEBUG=1",
					"$(inherited)",
				);
				GCC_WARN_64_TO_32_BIT_CONVERSION = YES;
				GCC_WARN_ABOUT_RETURN_TYPE = YES_ERROR;
				GCC_WARN_UNDECLARED_SELECTOR = YES;
				GCC_WARN_UNINITIALIZED_AUTOS = YES_AGGRESSIVE;
				GCC_WARN_UNUSED_FUNCTION = YES;
				GCC_WARN_UNUSED_VARIABLE = YES;
				MACOSX_DEPLOYMENT_TARGET = 10.11;
				MTL_ENABLE_DEBUG_INFO = YES;
				ONLY_ACTIVE_ARCH = YES;
				SDKROOT = macosx;
				SWIFT_OPTIMIZATION_LEVEL = "-Onone";
			};
			name = Debug;
		};
		5C9B98C81C5AC344001EB75F /* Release */ = {
			isa = XCBuildConfiguration;
			buildSettings = {
				ALWAYS_SEARCH_USER_PATHS = NO;
				CLANG_CXX_LANGUAGE_STANDARD = "gnu++0x";
				CLANG_CXX_LIBRARY = "libc++";
				CLANG_ENABLE_MODULES = YES;
				CLANG_ENABLE_OBJC_ARC = YES;
				CLANG_WARN_BOOL_CONVERSION = YES;
				CLANG_WARN_CONSTANT_CONVERSION = YES;
				CLANG_WARN_DIRECT_OBJC_ISA_USAGE = YES_ERROR;
				CLANG_WARN_EMPTY_BODY = YES;
				CLANG_WARN_ENUM_CONVERSION = YES;
				CLANG_WARN_INT_CONVERSION = YES;
				CLANG_WARN_OBJC_ROOT_CLASS = YES_ERROR;
				CLANG_WARN_UNREACHABLE_CODE = YES;
				CLANG_WARN__DUPLICATE_METHOD_MATCH = YES;
				CODE_SIGN_IDENTITY = "-";
				COPY_PHASE_STRIP = NO;
				DEBUG_INFORMATION_FORMAT = "dwarf-with-dsym";
				ENABLE_NS_ASSERTIONS = NO;
				ENABLE_STRICT_OBJC_MSGSEND = YES;
				GCC_C_LANGUAGE_STANDARD = gnu99;
				GCC_NO_COMMON_BLOCKS = YES;
				GCC_WARN_64_TO_32_BIT_CONVERSION = YES;
				GCC_WARN_ABOUT_RETURN_TYPE = YES_ERROR;
				GCC_WARN_UNDECLARED_SELECTOR = YES;
				GCC_WARN_UNINITIALIZED_AUTOS = YES_AGGRESSIVE;
				GCC_WARN_UNUSED_FUNCTION = YES;
				GCC_WARN_UNUSED_VARIABLE = YES;
				MACOSX_DEPLOYMENT_TARGET = 10.11;
				MTL_ENABLE_DEBUG_INFO = NO;
				SDKROOT = macosx;
			};
			name = Release;
		};
		5C9B98CA1C5AC344001EB75F /* Debug */ = {
			isa = XCBuildConfiguration;
			buildSettings = {
				PRODUCT_NAME = updateIPA;
			};
			name = Debug;
		};
		5C9B98CB1C5AC344001EB75F /* Release */ = {
			isa = XCBuildConfiguration;
			buildSettings = {
				PRODUCT_NAME = updateIPA;
			};
			name = Release;
		};
/* End XCBuildConfiguration section */

/* Begin XCConfigurationList section */
		5C9B98BD1C5AC343001EB75F /* Build configuration list for PBXProject "updateIPA" */ = {
			isa = XCConfigurationList;
			buildConfigurations = (
				5C9B98C71C5AC344001EB75F /* Debug */,
				5C9B98C81C5AC344001EB75F /* Release */,
			);
			defaultConfigurationIsVisible = 0;
			defaultConfigurationName = Release;
		};
		5C9B98C91C5AC344001EB75F /* Build configuration list for PBXNativeTarget "updateIPA" */ = {
			isa = XCConfigurationList;
			buildConfigurations = (
				5C9B98CA1C5AC344001EB75F /* Debug */,
				5C9B98CB1C5AC344001EB75F /* Release */,
			);
			defaultConfigurationIsVisible = 0;
			defaultConfigurationName = Release;
		};
/* End XCConfigurationList section */
	};
	rootObject = 5C9B98BA1C5AC343001EB75F /* Project object */;
}
